
Microsoft Visual Studio Solution File, Format Version 12.00
# Visual Studio Version 17
VisualStudioVersion = 17.7.34009.444
MinimumVisualStudioVersion = 10.0.40219.1
Project("{FAE04EC0-301F-11D3-BF4B-00C04F79EFBC}") = "TaxComputation.Ui", "TaxComputation.Ui\TaxComputation.Ui.csproj", "{A7A2E10A-134E-4DA0-A608-96EF24115383}"
EndProject
Project("{FAE04EC0-301F-11D3-BF4B-00C04F79EFBC}") = "TaxComputation.DataAccess", "TaxComputation.DataAccess\TaxComputation.DataAccess.csproj", "{86C0C8DE-ED1E-466D-9780-6269F0535B05}"
EndProject
Project("{FAE04EC0-301F-11D3-BF4B-00C04F79EFBC}") = "TaxComputation.Domain", "TaxComputation.Domain\TaxComputation.Domain.csproj", "{0855B8A1-39DE-4852-B297-69447A442C4F}"
EndProject
Global
	GlobalSection(SolutionConfigurationPlatforms) = preSolution
		Debug|Any CPU = Debug|Any CPU
		Release|Any CPU = Release|Any CPU
	EndGlobalSection
	GlobalSection(ProjectConfigurationPlatforms) = postSolution
		{A7A2E10A-134E-4DA0-A608-96EF24115383}.Debug|Any CPU.ActiveCfg = Debug|Any CPU
		{A7A2E10A-134E-4DA0-A608-96EF24115383}.Debug|Any CPU.Build.0 = Debug|Any CPU
		{A7A2E10A-134E-4DA0-A608-96EF24115383}.Release|Any CPU.ActiveCfg = Release|Any CPU
		{A7A2E10A-134E-4DA0-A608-96EF24115383}.Release|Any CPU.Build.0 = Release|Any CPU
		{86C0C8DE-ED1E-466D-9780-6269F0535B05}.Debug|Any CPU.ActiveCfg = Debug|Any CPU
		{86C0C8DE-ED1E-466D-9780-6269F0535B05}.Debug|Any CPU.Build.0 = Debug|Any CPU
		{86C0C8DE-ED1E-466D-9780-6269F0535B05}.Release|Any CPU.ActiveCfg = Release|Any CPU
		{86C0C8DE-ED1E-466D-9780-6269F0535B05}.Release|Any CPU.Build.0 = Release|Any CPU
		{0855B8A1-39DE-4852-B297-69447A442C4F}.Debug|Any CPU.ActiveCfg = Debug|Any CPU
		{0855B8A1-39DE-4852-B297-69447A442C4F}.Debug|Any CPU.Build.0 = Debug|Any CPU
		{0855B8A1-39DE-4852-B297-69447A442C4F}.Release|Any CPU.ActiveCfg = Release|Any CPU
		{0855B8A1-39DE-4852-B297-69447A442C4F}.Release|Any CPU.Build.0 = Release|Any CPU
	EndGlobalSection
	GlobalSection(SolutionProperties) = preSolution
		HideSolutionNode = FALSE
	EndGlobalSection
	GlobalSection(ExtensibilityGlobals) = postSolution
		SolutionGuid = {12BB1C0D-186B-45F7-B881-BF5BB70FA629}
	EndGlobalSection
EndGlobal
